Microsoft Visual Studio Solution File, Format Version 12.00
# Visual Studio Version 17
VisualStudioVersion = 17.5.2.0
MinimumVisualStudioVersion = 10.0.40219.1
Project("{FAE04EC0-301F-11D3-BF4B-00C04F79EFBC}") = "CodeWalkerCli", "CodeWalkerCli.csproj", "{CFA58339-37BF-1038-E236-14420D3DC95B}"
EndProject
Global
	GlobalSection(SolutionConfigurationPlatforms) = preSolution
		Debug|Any CPU = Debug|Any CPU
		Release|Any CPU = Release|Any CPU
	EndGlobalSection
	GlobalSection(ProjectConfigurationPlatforms) = postSolution
		{CFA58339-37BF-1038-E236-14420D3DC95B}.Debug|Any CPU.ActiveCfg = Debug|Any CPU
		{CFA58339-37BF-1038-E236-14420D3DC95B}.Debug|Any CPU.Build.0 = Debug|Any CPU
		{CFA58339-37BF-1038-E236-14420D3DC95B}.Release|Any CPU.ActiveCfg = Release|Any CPU
		{CFA58339-37BF-1038-E236-14420D3DC95B}.Release|Any CPU.Build.0 = Release|Any CPU
	EndGlobalSection
	GlobalSection(SolutionProperties) = preSolution
		HideSolutionNode = FALSE
	EndGlobalSection
	GlobalSection(ExtensibilityGlobals) = postSolution
		SolutionGuid = {1245D494-03DD-465D-B793-5C29574B8DC9}
	EndGlobalSection
EndGlobal
